
Microsoft Visual Studio Solution File, Format Version 12.00
# Visual Studio Express 2012 for Windows Desktop
Project("{8BC9CEB8-8B4A-11D0-8D11-00A0C91BC942}") = "raytracing", "raytracing\raytracing.vcxproj", "{96C6D970-E62B-4116-A3DF-A165AA4075ED}"
EndProject
Global
	GlobalSection(SolutionConfigurationPlatforms) = preSolution
		Debug|Win32 = Debug|Win32
		Release|Win32 = Release|Win32
	EndGlobalSection
	GlobalSection(ProjectConfigurationPlatforms) = postSolution
		{96C6D970-E62B-4116-A3DF-A165AA4075ED}.Debug|Win32.ActiveCfg = Debug|Win32
		{96C6D970-E62B-4116-A3DF-A165AA4075ED}.Debug|Win32.Build.0 = Debug|Win32
		{96C6D970-E62B-4116-A3DF-A165AA4075ED}.Release|Win32.ActiveCfg = Release|Win32
		{96C6D970-E62B-4116-A3DF-A165AA4075ED}.Release|Win32.Build.0 = Release|Win32
	EndGlobalSection
	GlobalSection(SolutionProperties) = preSolution
		HideSolutionNode = FALSE
	EndGlobalSection
EndGlobal
